// !$*UTF8*$!
{
	archiveVersion = 1;
	classes = {
	};
	objectVersion = 46;
	objects = {

/* Begin PBXBuildFile section */
		BE3CB3321ADA7D2100552B12 /* LXAppDelegate.m in Sources */ = {isa = PBXBuildFile; fileRef = BE3CB3311ADA7D2100552B12 /* LXAppDelegate.m */; };
		BE3CB3341ADA7D2100552B12 /* main.m in Sources */ = {isa = PBXBuildFile; fileRef = BE3CB3331ADA7D2100552B12 /* main.m */; };
		BE3CB3361ADA7D2100552B12 /* Images.xcassets in Resources */ = {isa = PBXBuildFile; fileRef = BE3CB3351ADA7D2100552B12 /* Images.xcassets */; };
		BE3CB3391ADA7D2100552B12 /* MainMenu.xib in Resources */ = {isa = PBXBuildFile; fileRef = BE3CB3371ADA7D2100552B12 /* MainMenu.xib */; };
		BE3CB3451ADA7D2200552B12 /* Luxafor_OSXTests.m in Sources */ = {isa = PBXBuildFile; fileRef = BE3CB3441ADA7D2200552B12 /* Luxafor_OSXTests.m */; };
		BE3CB3811ADAD36100552B12 /* hid.c in Sources */ = {isa = PBXBuildFile; fileRef = BE3CB37F1ADAD36100552B12 /* hid.c */; };
		BE3CB3871ADAD41B00552B12 /* LXDevice.m in Sources */ = {isa = PBXBuildFile; fileRef = BE3CB3861ADAD41B00552B12 /* LXDevice.m */; };
		BE3CB3961AE3F1A500552B12 /* LXPopoverController.m in Sources */ = {isa = PBXBuildFile; fileRef = BE3CB3941AE3F1A500552B12 /* LXPopoverController.m */; };
		BE3CB3971AE3F1A500552B12 /* LXPopoverController.xib in Resources */ = {isa = PBXBuildFile; fileRef = BE3CB3951AE3F1A500552B12 /* LXPopoverController.xib */; };
		BE3CB3A11AE3F5E100552B12 /* LXAppController.m in Sources */ = {isa = PBXBuildFile; fileRef = BE3CB3A01AE3F5E100552B12 /* LXAppController.m */; };
		BE3CB3A81AE3FA6500552B12 /* LXMenulet.m in Sources */ = {isa = PBXBuildFile; fileRef = BE3CB3A71AE3FA6500552B12 /* LXMenulet.m */; };
		BEF061D51AE4243A005E96D9 /* LXUpdater.m in Sources */ = {isa = PBXBuildFile; fileRef = BEF061D41AE4243A005E96D9 /* LXUpdater.m */; };
/* End PBXBuildFile section */

/* Begin PBXContainerItemProxy section */
		BE3CB33F1ADA7D2200552B12 /* PBXContainerItemProxy */ = {
			isa = PBXContainerItemProxy;
			containerPortal = BE3CB3231ADA7D2100552B12 /* Project object */;
			proxyType = 1;
			remoteGlobalIDString = BE3CB32A1ADA7D2100552B12;
			remoteInfo = "Luxafor-OSX";
		};
/* End PBXContainerItemProxy section */

/* Begin PBXFileReference section */
		BE3CB32B1ADA7D2100552B12 /* Luxafor.app */ = {isa = PBXFileReference; explicitFileType = wrapper.application; includeInIndex = 0; path = Luxafor.app; sourceTree = BUILT_PRODUCTS_DIR; };
		BE3CB32F1ADA7D2100552B12 /* Info.plist */ = {isa = PBXFileReference; lastKnownFileType = text.plist.xml; path = Info.plist; sourceTree = "<group>"; };
		BE3CB3301ADA7D2100552B12 /* LXAppDelegate.h */ = {isa = PBXFileReference; lastKnownFileType = sourcecode.c.h; path = LXAppDelegate.h; sourceTree = "<group>"; };
		BE3CB3311ADA7D2100552B12 /* LXAppDelegate.m */ = {isa = PBXFileReference; lastKnownFileType = sourcecode.c.objc; path = LXAppDelegate.m; sourceTree = "<group>"; };
		BE3CB3331ADA7D2100552B12 /* main.m */ = {isa = PBXFileReference; lastKnownFileType = sourcecode.c.objc; path = main.m; sourceTree = "<group>"; };
		BE3CB3351ADA7D2100552B12 /* Images.xcassets */ = {isa = PBXFileReference; lastKnownFileType = folder.assetcatalog; path = Images.xcassets; sourceTree = "<group>"; };
		BE3CB3381ADA7D2100552B12 /* Base */ = {isa = PBXFileReference; lastKnownFileType = file.xib; name = Base; path = Base.lproj/MainMenu.xib; sourceTree = "<group>"; };
		BE3CB33E1ADA7D2200552B12 /* Luxafor-OSXTests.xctest */ = {isa = PBXFileReference; explicitFileType = wrapper.cfbundle; includeInIndex = 0; path = "Luxafor-OSXTests.xctest"; sourceTree = BUILT_PRODUCTS_DIR; };
		BE3CB3431ADA7D2200552B12 /* Info.plist */ = {isa = PBXFileReference; lastKnownFileType = text.plist.xml; path = Info.plist; sourceTree = "<group>"; };
		BE3CB3441ADA7D2200552B12 /* Luxafor_OSXTests.m */ = {isa = PBXFileReference; lastKnownFileType = sourcecode.c.objc; path = Luxafor_OSXTests.m; sourceTree = "<group>"; };
		BE3CB37F1ADAD36100552B12 /* hid.c */ = {isa = PBXFileReference; fileEncoding = 4; lastKnownFileType = sourcecode.c.c; path = hid.c; sourceTree = "<group>"; };
		BE3CB3801ADAD36100552B12 /* hidapi.h */ = {isa = PBXFileReference; fileEncoding = 4; lastKnownFileType = sourcecode.c.h; path = hidapi.h; sourceTree = "<group>"; };
		BE3CB3851ADAD41B00552B12 /* LXDevice.h */ = {isa = PBXFileReference; fileEncoding = 4; lastKnownFileType = sourcecode.c.h; path = LXDevice.h; sourceTree = "<group>"; };
		BE3CB3861ADAD41B00552B12 /* LXDevice.m */ = {isa = PBXFileReference; fileEncoding = 4; lastKnownFileType = sourcecode.c.objc; path = LXDevice.m; sourceTree = "<group>"; };
		BE3CB3931AE3F1A500552B12 /* LXPopoverController.h */ = {isa = PBXFileReference; fileEncoding = 4; lastKnownFileType = sourcecode.c.h; path = LXPopoverController.h; sourceTree = "<group>"; };
		BE3CB3941AE3F1A500552B12 /* LXPopoverController.m */ = {isa = PBXFileReference; fileEncoding = 4; lastKnownFileType = sourcecode.c.objc; path = LXPopoverController.m; sourceTree = "<group>"; };
		BE3CB3951AE3F1A500552B12 /* LXPopoverController.xib */ = {isa = PBXFileReference; fileEncoding = 4; lastKnownFileType = file.xib; path = LXPopoverController.xib; sourceTree = "<group>"; };
		BE3CB39F1AE3F5E100552B12 /* LXAppController.h */ = {isa = PBXFileReference; fileEncoding = 4; lastKnownFileType = sourcecode.c.h; path = LXAppController.h; sourceTree = "<group>"; };
		BE3CB3A01AE3F5E100552B12 /* LXAppController.m */ = {isa = PBXFileReference; fileEncoding = 4; lastKnownFileType = sourcecode.c.objc; path = LXAppController.m; sourceTree = "<group>"; };
		BE3CB3A61AE3FA6500552B12 /* LXMenulet.h */ = {isa = PBXFileReference; fileEncoding = 4; lastKnownFileType = sourcecode.c.h; path = LXMenulet.h; sourceTree = "<group>"; };
		BE3CB3A71AE3FA6500552B12 /* LXMenulet.m */ = {isa = PBXFileReference; fileEncoding = 4; lastKnownFileType = sourcecode.c.objc; path = LXMenulet.m; sourceTree = "<group>"; };
		BEF061D31AE4243A005E96D9 /* LXUpdater.h */ = {isa = PBXFileReference; fileEncoding = 4; lastKnownFileType = sourcecode.c.h; path = LXUpdater.h; sourceTree = "<group>"; };
		BEF061D41AE4243A005E96D9 /* LXUpdater.m */ = {isa = PBXFileReference; fileEncoding = 4; lastKnownFileType = sourcecode.c.objc; path = LXUpdater.m; sourceTree = "<group>"; };
/* End PBXFileReference section */

/* Begin PBXFrameworksBuildPhase section */
		BE3CB3281ADA7D2100552B12 /* Frameworks */ = {
			isa = PBXFrameworksBuildPhase;
			buildActionMask = 2147483647;
			files = (
			);
			runOnlyForDeploymentPostprocessing = 0;
		};
		BE3CB33B1ADA7D2200552B12 /* Frameworks */ = {
			isa = PBXFrameworksBuildPhase;
			buildActionMask = 2147483647;
			files = (
			);
			runOnlyForDeploymentPostprocessing = 0;
		};
/* End PBXFrameworksBuildPhase section */

/* Begin PBXGroup section */
		BE3CB3221ADA7D2100552B12 = {
			isa = PBXGroup;
			children = (
				BE3CB32D1ADA7D2100552B12 /* Luxafor-OSX */,
				BE3CB3411ADA7D2200552B12 /* Luxafor-OSXTests */,
				BE3CB32C1ADA7D2100552B12 /* Products */,
			);
			sourceTree = "<group>";
		};
		BE3CB32C1ADA7D2100552B12 /* Products */ = {
			isa = PBXGroup;
			children = (
				BE3CB32B1ADA7D2100552B12 /* Luxafor.app */,
				BE3CB33E1ADA7D2200552B12 /* Luxafor-OSXTests.xctest */,
			);
			name = Products;
			sourceTree = "<group>";
		};
		BE3CB32D1ADA7D2100552B12 /* Luxafor-OSX */ = {
			isa = PBXGroup;
			children = (
				BE3CB37E1ADAD32E00552B12 /* Luxafor HID */,
				BEF061CE1AE41FB8005E96D9 /* Views + Controllers */,
				BEF061CF1AE42402005E96D9 /* Updater */,
				BE3CB3981AE3F4C000552B12 /* Images */,
				BE3CB32E1ADA7D2100552B12 /* Supporting Files */,
			);
			path = "Luxafor-OSX";
			sourceTree = "<group>";
		};
		BE3CB32E1ADA7D2100552B12 /* Supporting Files */ = {
			isa = PBXGroup;
			children = (
				BE3CB32F1ADA7D2100552B12 /* Info.plist */,
				BE3CB3331ADA7D2100552B12 /* main.m */,
			);
			name = "Supporting Files";
			sourceTree = "<group>";
		};
		BE3CB3411ADA7D2200552B12 /* Luxafor-OSXTests */ = {
			isa = PBXGroup;
			children = (
				BE3CB3441ADA7D2200552B12 /* Luxafor_OSXTests.m */,
				BE3CB3421ADA7D2200552B12 /* Supporting Files */,
			);
			path = "Luxafor-OSXTests";
			sourceTree = "<group>";
		};
		BE3CB3421ADA7D2200552B12 /* Supporting Files */ = {
			isa = PBXGroup;
			children = (
				BE3CB3431ADA7D2200552B12 /* Info.plist */,
			);
			name = "Supporting Files";
			sourceTree = "<group>";
		};
		BE3CB37E1ADAD32E00552B12 /* Luxafor HID */ = {
			isa = PBXGroup;
			children = (
				BE3CB37F1ADAD36100552B12 /* hid.c */,
				BE3CB3801ADAD36100552B12 /* hidapi.h */,
				BE3CB3851ADAD41B00552B12 /* LXDevice.h */,
				BE3CB3861ADAD41B00552B12 /* LXDevice.m */,
			);
			name = "Luxafor HID";
			sourceTree = "<group>";
		};
		BE3CB3981AE3F4C000552B12 /* Images */ = {
			isa = PBXGroup;
			children = (
				BE3CB3351ADA7D2100552B12 /* Images.xcassets */,
			);
			name = Images;
			sourceTree = "<group>";
		};
		BEF061CE1AE41FB8005E96D9 /* Views + Controllers */ = {
			isa = PBXGroup;
			children = (
				BE3CB3301ADA7D2100552B12 /* LXAppDelegate.h */,
				BE3CB3311ADA7D2100552B12 /* LXAppDelegate.m */,
				BE3CB39F1AE3F5E100552B12 /* LXAppController.h */,
				BE3CB3A01AE3F5E100552B12 /* LXAppController.m */,
				BE3CB3931AE3F1A500552B12 /* LXPopoverController.h */,
				BE3CB3941AE3F1A500552B12 /* LXPopoverController.m */,
				BE3CB3951AE3F1A500552B12 /* LXPopoverController.xib */,
				BE3CB3A61AE3FA6500552B12 /* LXMenulet.h */,
				BE3CB3A71AE3FA6500552B12 /* LXMenulet.m */,
				BE3CB3371ADA7D2100552B12 /* MainMenu.xib */,
			);
			name = "Views + Controllers";
			sourceTree = "<group>";
		};
		BEF061CF1AE42402005E96D9 /* Updater */ = {
			isa = PBXGroup;
			children = (
				BEF061D31AE4243A005E96D9 /* LXUpdater.h */,
				BEF061D41AE4243A005E96D9 /* LXUpdater.m */,
			);
			name = Updater;
			sourceTree = "<group>";
		};
/* End PBXGroup section */

/* Begin PBXNativeTarget section */
		BE3CB32A1ADA7D2100552B12 /* Luxafor */ = {
			isa = PBXNativeTarget;
			buildConfigurationList = BE3CB3481ADA7D2200552B12 /* Build configuration list for PBXNativeTarget "Luxafor" */;
			buildPhases = (
				BE3CB3271ADA7D2100552B12 /* Sources */,
				BE3CB3281ADA7D2100552B12 /* Frameworks */,
				BE3CB3291ADA7D2100552B12 /* Resources */,
			);
			buildRules = (
			);
			dependencies = (
			);
			name = Luxafor;
			productName = "Luxafor-OSX";
			productReference = BE3CB32B1ADA7D2100552B12 /* Luxafor.app */;
			productType = "com.apple.product-type.application";
		};
		BE3CB33D1ADA7D2200552B12 /* Luxafor-OSXTests */ = {
			isa = PBXNativeTarget;
			buildConfigurationList = BE3CB34B1ADA7D2200552B12 /* Build configuration list for PBXNativeTarget "Luxafor-OSXTests" */;
			buildPhases = (
				BE3CB33A1ADA7D2200552B12 /* Sources */,
				BE3CB33B1ADA7D2200552B12 /* Frameworks */,
				BE3CB33C1ADA7D2200552B12 /* Resources */,
			);
			buildRules = (
			);
			dependencies = (
				BE3CB3401ADA7D2200552B12 /* PBXTargetDependency */,
			);
			name = "Luxafor-OSXTests";
			productName = "Luxafor-OSXTests";
			productReference = BE3CB33E1ADA7D2200552B12 /* Luxafor-OSXTests.xctest */;
			productType = "com.apple.product-type.bundle.unit-test";
		};
/* End PBXNativeTarget section */

/* Begin PBXProject section */
		BE3CB3231ADA7D2100552B12 /* Project object */ = {
			isa = PBXProject;
			attributes = {
				CLASSPREFIX = LX;
				LastUpgradeCheck = 0720;
				ORGANIZATIONNAME = draugiem;
				TargetAttributes = {
					BE3CB32A1ADA7D2100552B12 = {
						CreatedOnToolsVersion = 6.2;
						DevelopmentTeam = V7X89GG36Z;
					};
					BE3CB33D1ADA7D2200552B12 = {
						CreatedOnToolsVersion = 6.2;
						TestTargetID = BE3CB32A1ADA7D2100552B12;
					};
				};
			};
			buildConfigurationList = BE3CB3261ADA7D2100552B12 /* Build configuration list for PBXProject "Luxafor-OSX" */;
			compatibilityVersion = "Xcode 3.2";
			developmentRegion = English;
			hasScannedForEncodings = 0;
			knownRegions = (
				en,
				Base,
			);
			mainGroup = BE3CB3221ADA7D2100552B12;
			productRefGroup = BE3CB32C1ADA7D2100552B12 /* Products */;
			projectDirPath = "";
			projectRoot = "";
			targets = (
				BE3CB32A1ADA7D2100552B12 /* Luxafor */,
				BE3CB33D1ADA7D2200552B12 /* Luxafor-OSXTests */,
			);
		};
/* End PBXProject section */

/* Begin PBXResourcesBuildPhase section */
		BE3CB3291ADA7D2100552B12 /* Resources */ = {
			isa = PBXResourcesBuildPhase;
			buildActionMask = 2147483647;
			files = (
				BE3CB3361ADA7D2100552B12 /* Images.xcassets in Resources */,
				BE3CB3391ADA7D2100552B12 /* MainMenu.xib in Resources */,
				BE3CB3971AE3F1A500552B12 /* LXPopoverController.xib in Resources */,
			);
			runOnlyForDeploymentPostprocessing = 0;
		};
		BE3CB33C1ADA7D2200552B12 /* Resources */ = {
			isa = PBXResourcesBuildPhase;
			buildActionMask = 2147483647;
			files = (
			);
			runOnlyForDeploymentPostprocessing = 0;
		};
/* End PBXResourcesBuildPhase section */

/* Begin PBXSourcesBuildPhase section */
		BE3CB3271ADA7D2100552B12 /* Sources */ = {
			isa = PBXSourcesBuildPhase;
			buildActionMask = 2147483647;
			files = (
				BE3CB3811ADAD36100552B12 /* hid.c in Sources */,
				BE3CB3871ADAD41B00552B12 /* LXDevice.m in Sources */,
				BE3CB3341ADA7D2100552B12 /* main.m in Sources */,
				BE3CB3321ADA7D2100552B12 /* LXAppDelegate.m in Sources */,
				BE3CB3A81AE3FA6500552B12 /* LXMenulet.m in Sources */,
				BE3CB3A11AE3F5E100552B12 /* LXAppController.m in Sources */,
				BE3CB3961AE3F1A500552B12 /* LXPopoverController.m in Sources */,
				BEF061D51AE4243A005E96D9 /* LXUpdater.m in Sources */,
			);
			runOnlyForDeploymentPostprocessing = 0;
		};
		BE3CB33A1ADA7D2200552B12 /* Sources */ = {
			isa = PBXSourcesBuildPhase;
			buildActionMask = 2147483647;
			files = (
				BE3CB3451ADA7D2200552B12 /* Luxafor_OSXTests.m in Sources */,
			);
			runOnlyForDeploymentPostprocessing = 0;
		};
/* End PBXSourcesBuildPhase section */

/* Begin PBXTargetDependency section */
		BE3CB3401ADA7D2200552B12 /* PBXTargetDependency */ = {
			isa = PBXTargetDependency;
			target = BE3CB32A1ADA7D2100552B12 /* Luxafor */;
			targetProxy = BE3CB33F1ADA7D2200552B12 /* PBXContainerItemProxy */;
		};
/* End PBXTargetDependency section */

/* Begin PBXVariantGroup section */
		BE3CB3371ADA7D2100552B12 /* MainMenu.xib */ = {
			isa = PBXVariantGroup;
			children = (
				BE3CB3381ADA7D2100552B12 /* Base */,
			);
			name = MainMenu.xib;
			sourceTree = "<group>";
		};
/* End PBXVariantGroup section */

/* Begin XCBuildConfiguration section */
		BE3CB3461ADA7D2200552B12 /* Debug */ = {
			isa = XCBuildConfiguration;
			buildSettings = {
				ALWAYS_SEARCH_USER_PATHS = NO;
				CLANG_CXX_LANGUAGE_STANDARD = "gnu++0x";
				CLANG_CXX_LIBRARY = "libc++";
				CLANG_ENABLE_MODULES = YES;
				CLANG_ENABLE_OBJC_ARC = YES;
				CLANG_WARN_BOOL_CONVERSION = YES;
				CLANG_WARN_CONSTANT_CONVERSION = YES;
				CLANG_WARN_DIRECT_OBJC_ISA_USAGE = YES_ERROR;
				CLANG_WARN_EMPTY_BODY = YES;
				CLANG_WARN_ENUM_CONVERSION = YES;
				CLANG_WARN_INT_CONVERSION = YES;
				CLANG_WARN_OBJC_ROOT_CLASS = YES_ERROR;
				CLANG_WARN_UNREACHABLE_CODE = YES;
				CLANG_WARN__DUPLICATE_METHOD_MATCH = YES;
				CODE_SIGN_IDENTITY = "-";
				COPY_PHASE_STRIP = NO;
				ENABLE_STRICT_OBJC_MSGSEND = YES;
				ENABLE_TESTABILITY = YES;
				GCC_C_LANGUAGE_STANDARD = gnu99;
				GCC_DYNAMIC_NO_PIC = NO;
				GCC_OPTIMIZATION_LEVEL = 0;
				GCC_PREPROCESSOR_DEFINITIONS = (
					"DEBUG=1",
					"$(inherited)",
				);
				GCC_SYMBOLS_PRIVATE_EXTERN = NO;
				GCC_WARN_64_TO_32_BIT_CONVERSION = YES;
				GCC_WARN_ABOUT_RETURN_TYPE = YES_ERROR;
				GCC_WARN_UNDECLARED_SELECTOR = YES;
				GCC_WARN_UNINITIALIZED_AUTOS = YES_AGGRESSIVE;
				GCC_WARN_UNUSED_FUNCTION = YES;
				GCC_WARN_UNUSED_VARIABLE = YES;
				MACOSX_DEPLOYMENT_TARGET = 10.10;
				MTL_ENABLE_DEBUG_INFO = YES;
				ONLY_ACTIVE_ARCH = YES;
				SDKROOT = macosx;
			};
			name = Debug;
		};
		BE3CB3471ADA7D2200552B12 /* Release */ = {
			isa = XCBuildConfiguration;
			buildSettings = {
				ALWAYS_SEARCH_USER_PATHS = NO;
				CLANG_CXX_LANGUAGE_STANDARD = "gnu++0x";
				CLANG_CXX_LIBRARY = "libc++";
				CLANG_ENABLE_MODULES = YES;
				CLANG_ENABLE_OBJC_ARC = YES;
				CLANG_WARN_BOOL_CONVERSION = YES;
				CLANG_WARN_CONSTANT_CONVERSION = YES;
				CLANG_WARN_DIRECT_OBJC_ISA_USAGE = YES_ERROR;
				CLANG_WARN_EMPTY_BODY = YES;
				CLANG_WARN_ENUM_CONVERSION = YES;
				CLANG_WARN_INT_CONVERSION = YES;
				CLANG_WARN_OBJC_ROOT_CLASS = YES_ERROR;
				CLANG_WARN_UNREACHABLE_CODE = YES;
				CLANG_WARN__DUPLICATE_METHOD_MATCH = YES;
				CODE_SIGN_IDENTITY = "-";
				COPY_PHASE_STRIP = NO;
				DEBUG_INFORMATION_FORMAT = "dwarf-with-dsym";
				ENABLE_NS_ASSERTIONS = NO;
				ENABLE_STRICT_OBJC_MSGSEND = YES;
				GCC_C_LANGUAGE_STANDARD = gnu99;
				GCC_WARN_64_TO_32_BIT_CONVERSION = YES;
				GCC_WARN_ABOUT_RETURN_TYPE = YES_ERROR;
				GCC_WARN_UNDECLARED_SELECTOR = YES;
				GCC_WARN_UNINITIALIZED_AUTOS = YES_AGGRESSIVE;
				GCC_WARN_UNUSED_FUNCTION = YES;
				GCC_WARN_UNUSED_VARIABLE = YES;
				MACOSX_DEPLOYMENT_TARGET = 10.10;
				MTL_ENABLE_DEBUG_INFO = NO;
				SDKROOT = macosx;
			};
			name = Release;
		};
		BE3CB3491ADA7D2200552B12 /* Debug */ = {
			isa = XCBuildConfiguration;
			buildSettings = {
				ASSETCATALOG_COMPILER_APPICON_NAME = AppIcon;
				COMBINE_HIDPI_IMAGES = YES;
				INFOPLIST_FILE = "Luxafor-OSX/Info.plist";
				LD_RUNPATH_SEARCH_PATHS = "$(inherited) @executable_path/../Frameworks";
				PRODUCT_BUNDLE_IDENTIFIER = "com.ideabits.$(PRODUCT_NAME:rfc1034identifier)";
				PRODUCT_NAME = "$(TARGET_NAME)";
			};
			name = Debug;
		};
		BE3CB34A1ADA7D2200552B12 /* Release */ = {
			isa = XCBuildConfiguration;
			buildSettings = {
				ASSETCATALOG_COMPILER_APPICON_NAME = AppIcon;
				COMBINE_HIDPI_IMAGES = YES;
				INFOPLIST_FILE = "Luxafor-OSX/Info.plist";
				LD_RUNPATH_SEARCH_PATHS = "$(inherited) @executable_path/../Frameworks";
				PRODUCT_BUNDLE_IDENTIFIER = "com.ideabits.$(PRODUCT_NAME:rfc1034identifier)";
				PRODUCT_NAME = "$(TARGET_NAME)";
			};
			name = Release;
		};
		BE3CB34C1ADA7D2200552B12 /* Debug */ = {
			isa = XCBuildConfiguration;
			buildSettings = {
				BUNDLE_LOADER = "$(TEST_HOST)";
				COMBINE_HIDPI_IMAGES = YES;
				FRAMEWORK_SEARCH_PATHS = (
					"$(DEVELOPER_FRAMEWORKS_DIR)",
					"$(inherited)",
				);
				GCC_PREPROCESSOR_DEFINITIONS = (
					"DEBUG=1",
					"$(inherited)",
				);
				INFOPLIST_FILE = "Luxafor-OSXTests/Info.plist";
				LD_RUNPATH_SEARCH_PATHS = "$(inherited) @executable_path/../Frameworks @loader_path/../Frameworks";
				PRODUCT_BUNDLE_IDENTIFIER = "lv.draugiem.$(PRODUCT_NAME:rfc1034identifier)";
				PRODUCT_NAME = "$(TARGET_NAME)";
				TEST_HOST = "$(BUILT_PRODUCTS_DIR)/Luxafor-OSX.app/Contents/MacOS/Luxafor-OSX";
			};
			name = Debug;
		};
		BE3CB34D1ADA7D2200552B12 /* Release */ = {
			isa = XCBuildConfiguration;
			buildSettings = {
				BUNDLE_LOADER = "$(TEST_HOST)";
				COMBINE_HIDPI_IMAGES = YES;
				FRAMEWORK_SEARCH_PATHS = (
					"$(DEVELOPER_FRAMEWORKS_DIR)",
					"$(inherited)",
				);
				INFOPLIST_FILE = "Luxafor-OSXTests/Info.plist";
				LD_RUNPATH_SEARCH_PATHS = "$(inherited) @executable_path/../Frameworks @loader_path/../Frameworks";
				PRODUCT_BUNDLE_IDENTIFIER = "lv.draugiem.$(PRODUCT_NAME:rfc1034identifier)";
				PRODUCT_NAME = "$(TARGET_NAME)";
				TEST_HOST = "$(BUILT_PRODUCTS_DIR)/Luxafor-OSX.app/Contents/MacOS/Luxafor-OSX";
			};
			name = Release;
		};
/* End XCBuildConfiguration section */

/* Begin XCConfigurationList section */
		BE3CB3261ADA7D2100552B12 /* Build configuration list for PBXProject "Luxafor-OSX" */ = {
			isa = XCConfigurationList;
			buildConfigurations = (
				BE3CB3461ADA7D2200552B12 /* Debug */,
				BE3CB3471ADA7D2200552B12 /* Release */,
			);
			defaultConfigurationIsVisible = 0;
			defaultConfigurationName = Release;
		};
		BE3CB3481ADA7D2200552B12 /* Build configuration list for PBXNativeTarget "Luxafor" */ = {
			isa = XCConfigurationList;
			buildConfigurations = (
				BE3CB3491ADA7D2200552B12 /* Debug */,
				BE3CB34A1ADA7D2200552B12 /* Release */,
			);
			defaultConfigurationIsVisible = 0;
			defaultConfigurationName = Release;
		};
		BE3CB34B1ADA7D2200552B12 /* Build configuration list for PBXNativeTarget "Luxafor-OSXTests" */ = {
			isa = XCConfigurationList;
			buildConfigurations = (
				BE3CB34C1ADA7D2200552B12 /* Debug */,
				BE3CB34D1ADA7D2200552B12 /* Release */,
			);
			defaultConfigurationIsVisible = 0;
			defaultConfigurationName = Release;
		};
/* End XCConfigurationList section */
	};
	rootObject = BE3CB3231ADA7D2100552B12 /* Project object */;
}
