PODS:
  - CocoaLumberjack (2.3.0):
    - CocoaLumberjack/Default (= 2.3.0)
    - CocoaLumberjack/Extensions (= 2.3.0)
  - CocoaLumberjack/Core (2.3.0)
  - CocoaLumberjack/Default (2.3.0):
    - CocoaLumberjack/Core
  - CocoaLumberjack/Extensions (2.3.0):
    - CocoaLumberjack/Default
  - DevMateKit (1.7.1)
  - NSColor-Crayola (1.0)
  - NSColor-Pantone (1.0)
  - NSLogger (1.5.1):
    - NSLogger/Standard (= 1.5.1)
  - NSLogger/Standard (1.5.1)
  - OCMock (3.3)
  - OHHTTPStubs (5.0.0):
    - OHHTTPStubs/Default (= 5.0.0)
  - OHHTTPStubs/Core (5.0.0)
  - OHHTTPStubs/Default (5.0.0):
    - OHHTTPStubs/Core
    - OHHTTPStubs/JSON
    - OHHTTPStubs/NSURLSession
    - OHHTTPStubs/OHPathHelpers
  - OHHTTPStubs/JSON (5.0.0):
    - OHHTTPStubs/Core
  - OHHTTPStubs/NSURLSession (5.0.0):
    - OHHTTPStubs/Core
  - OHHTTPStubs/OHPathHelpers (5.0.0)
  - XCDLumberjackNSLogger (1.0.2):
    - CocoaLumberjack (~> 2.0)
    - NSLogger (~> 1.5)

DEPENDENCIES:
  - CocoaLumberjack
  - DevMateKit
  - NSColor-Crayola
  - NSColor-Pantone
  - OCMock
  - OHHTTPStubs
  - XCDLumberjackNSLogger

SPEC CHECKSUMS:
  CocoaLumberjack: 97fab7ee5f507fe54445cca7ea80f926729cfd15
  DevMateKit: 3ba77083f5faa40266e0d2d70776de2a82c71dd0
  NSColor-Crayola: 02175a36c323c5c33e263e84f500f0634ee78282
  NSColor-Pantone: 4729b971b2e5ac452c9eeba1286b5982e1435180
  NSLogger: 5ed223a2436df96244e033be750656dacdeec034
  OCMock: d68685bde31f69cb61d518dcb39269080c78b5ed
  OHHTTPStubs: a5d2e9eea07869d42ec03338325f398bc520e159
  XCDLumberjackNSLogger: 0226baa5148a2fa0d18731eee295fbf8f991f7ff

PODFILE CHECKSUM: 84f3b592bc35a20ededb4f9648326da69590493c

COCOAPODS: 1.0.0
